// !$*UTF8*$!
{
	archiveVersion = 1;
	classes = {
	};
	objectVersion = 55;
	objects = {

/* Begin PBXBuildFile section */
		B70A57582768FEB000A42A88 /* HomeView.swift in Sources */ = {isa = PBXBuildFile; fileRef = B70A57572768FEB000A42A88 /* HomeView.swift */; };
		B73A1DC827650B3100B2777F /* CheckShowApp.swift in Sources */ = {isa = PBXBuildFile; fileRef = B73A1DC727650B3100B2777F /* CheckShowApp.swift */; };
		B73A1DCA27650B3100B2777F /* ContentView.swift in Sources */ = {isa = PBXBuildFile; fileRef = B73A1DC927650B3100B2777F /* ContentView.swift */; };
		B73A1DCC27650B3100B2777F /* Assets.xcassets in Resources */ = {isa = PBXBuildFile; fileRef = B73A1DCB27650B3100B2777F /* Assets.xcassets */; };
		B73A1DCF27650B3100B2777F /* Preview Assets.xcassets in Resources */ = {isa = PBXBuildFile; fileRef = B73A1DCE27650B3100B2777F /* Preview Assets.xcassets */; };
		B73B0368276B7445008D2EE9 /* HomeViewModel.swift in Sources */ = {isa = PBXBuildFile; fileRef = B73B0367276B7445008D2EE9 /* HomeViewModel.swift */; };
		F2E0BF7D7E2813CAF18F29BF /* Pods_CheckShow.framework in Frameworks */ = {isa = PBXBuildFile; fileRef = 923E5C8BD05D106112319A8A /* Pods_CheckShow.framework */; };
/* End PBXBuildFile section */

/* Begin PBXFileReference section */
		923E5C8BD05D106112319A8A /* Pods_CheckShow.framework */ = {isa = PBXFileReference; explicitFileType = wrapper.framework; includeInIndex = 0; path = Pods_CheckShow.framework; sourceTree = BUILT_PRODUCTS_DIR; };
		B70A57572768FEB000A42A88 /* HomeView.swift */ = {isa = PBXFileReference; lastKnownFileType = sourcecode.swift; path = HomeView.swift; sourceTree = "<group>"; };
		B73A1DC427650B3100B2777F /* CheckShow.app */ = {isa = PBXFileReference; explicitFileType = wrapper.application; includeInIndex = 0; path = CheckShow.app; sourceTree = BUILT_PRODUCTS_DIR; };
		B73A1DC727650B3100B2777F /* CheckShowApp.swift */ = {isa = PBXFileReference; lastKnownFileType = sourcecode.swift; path = CheckShowApp.swift; sourceTree = "<group>"; };
		B73A1DC927650B3100B2777F /* ContentView.swift */ = {isa = PBXFileReference; lastKnownFileType = sourcecode.swift; path = ContentView.swift; sourceTree = "<group>"; };
		B73A1DCB27650B3100B2777F /* Assets.xcassets */ = {isa = PBXFileReference; lastKnownFileType = folder.assetcatalog; path = Assets.xcassets; sourceTree = "<group>"; };
		B73A1DCE27650B3100B2777F /* Preview Assets.xcassets */ = {isa = PBXFileReference; lastKnownFileType = folder.assetcatalog; path = "Preview Assets.xcassets"; sourceTree = "<group>"; };
		B73B0367276B7445008D2EE9 /* HomeViewModel.swift */ = {isa = PBXFileReference; lastKnownFileType = sourcecode.swift; path = HomeViewModel.swift; sourceTree = "<group>"; };
		C0D0E7CF55B253D16BE5AF5F /* Pods-CheckShow.release.xcconfig */ = {isa = PBXFileReference; includeInIndex = 1; lastKnownFileType = text.xcconfig; name = "Pods-CheckShow.release.xcconfig"; path = "Target Support Files/Pods-CheckShow/Pods-CheckShow.release.xcconfig"; sourceTree = "<group>"; };
		CFC48A6EE4FCA0651A58EC72 /* Pods-CheckShow.debug.xcconfig */ = {isa = PBXFileReference; includeInIndex = 1; lastKnownFileType = text.xcconfig; name = "Pods-CheckShow.debug.xcconfig"; path = "Target Support Files/Pods-CheckShow/Pods-CheckShow.debug.xcconfig"; sourceTree = "<group>"; };
/* End PBXFileReference section */

/* Begin PBXFrameworksBuildPhase section */
		B73A1DC127650B3100B2777F /* Frameworks */ = {
			isa = PBXFrameworksBuildPhase;
			buildActionMask = 2147483647;
			files = (
				F2E0BF7D7E2813CAF18F29BF /* Pods_CheckShow.framework in Frameworks */,
			);
			runOnlyForDeploymentPostprocessing = 0;
		};
/* End PBXFrameworksBuildPhase section */

/* Begin PBXGroup section */
		910D59CF5A422516148992D1 /* Frameworks */ = {
			isa = PBXGroup;
			children = (
				923E5C8BD05D106112319A8A /* Pods_CheckShow.framework */,
			);
			name = Frameworks;
			sourceTree = "<group>";
		};
		B70A57562768E66800A42A88 /* View */ = {
			isa = PBXGroup;
			children = (
				B73B0366276B742F008D2EE9 /* Home */,
				B73A1DC927650B3100B2777F /* ContentView.swift */,
			);
			path = View;
			sourceTree = "<group>";
		};
		B73A1DBB27650B3100B2777F = {
			isa = PBXGroup;
			children = (
				B73A1DC627650B3100B2777F /* CheckShow */,
				B73A1DC527650B3100B2777F /* Products */,
				C058C43ABF7578800C88C77B /* Pods */,
				910D59CF5A422516148992D1 /* Frameworks */,
			);
			sourceTree = "<group>";
		};
		B73A1DC527650B3100B2777F /* Products */ = {
			isa = PBXGroup;
			children = (
				B73A1DC427650B3100B2777F /* CheckShow.app */,
			);
			name = Products;
			sourceTree = "<group>";
		};
		B73A1DC627650B3100B2777F /* CheckShow */ = {
			isa = PBXGroup;
			children = (
				B70A57562768E66800A42A88 /* View */,
				B73A1DC727650B3100B2777F /* CheckShowApp.swift */,
				B73A1DCB27650B3100B2777F /* Assets.xcassets */,
				B73A1DCD27650B3100B2777F /* Preview Content */,
			);
			path = CheckShow;
			sourceTree = "<group>";
		};
		B73A1DCD27650B3100B2777F /* Preview Content */ = {
			isa = PBXGroup;
			children = (
				B73A1DCE27650B3100B2777F /* Preview Assets.xcassets */,
			);
			path = "Preview Content";
			sourceTree = "<group>";
		};
		B73B0366276B742F008D2EE9 /* Home */ = {
			isa = PBXGroup;
			children = (
				B70A57572768FEB000A42A88 /* HomeView.swift */,
				B73B0367276B7445008D2EE9 /* HomeViewModel.swift */,
			);
			path = Home;
			sourceTree = "<group>";
		};
		C058C43ABF7578800C88C77B /* Pods */ = {
			isa = PBXGroup;
			children = (
				CFC48A6EE4FCA0651A58EC72 /* Pods-CheckShow.debug.xcconfig */,
				C0D0E7CF55B253D16BE5AF5F /* Pods-CheckShow.release.xcconfig */,
			);
			path = Pods;
			sourceTree = "<group>";
		};
/* End PBXGroup section */

/* Begin PBXNativeTarget section */
		B73A1DC327650B3100B2777F /* CheckShow */ = {
			isa = PBXNativeTarget;
			buildConfigurationList = B73A1DD727650B3100B2777F /* Build configuration list for PBXNativeTarget "CheckShow" */;
			buildPhases = (
				A38CB8D7FC1A1728D8DC34A7 /* [CP] Check Pods Manifest.lock */,
				B73A1DC027650B3100B2777F /* Sources */,
				B73A1DC127650B3100B2777F /* Frameworks */,
				B73A1DC227650B3100B2777F /* Resources */,
				B752C5462767144F00250167 /* ShellScript */,
			);
			buildRules = (
			);
			dependencies = (
			);
			name = CheckShow;
			productName = CheckShow;
			productReference = B73A1DC427650B3100B2777F /* CheckShow.app */;
			productType = "com.apple.product-type.application";
		};
/* End PBXNativeTarget section */

/* Begin PBXProject section */
		B73A1DBC27650B3100B2777F /* Project object */ = {
			isa = PBXProject;
			attributes = {
				BuildIndependentTargetsInParallel = 1;
				LastSwiftUpdateCheck = 1310;
				LastUpgradeCheck = 1310;
				TargetAttributes = {
					B73A1DC327650B3100B2777F = {
						CreatedOnToolsVersion = 13.1;
					};
				};
			};
			buildConfigurationList = B73A1DBF27650B3100B2777F /* Build configuration list for PBXProject "CheckShow" */;
			compatibilityVersion = "Xcode 13.0";
			developmentRegion = en;
			hasScannedForEncodings = 0;
			knownRegions = (
				en,
				Base,
			);
			mainGroup = B73A1DBB27650B3100B2777F;
			productRefGroup = B73A1DC527650B3100B2777F /* Products */;
			projectDirPath = "";
			projectRoot = "";
			targets = (
				B73A1DC327650B3100B2777F /* CheckShow */,
			);
		};
/* End PBXProject section */

/* Begin PBXResourcesBuildPhase section */
		B73A1DC227650B3100B2777F /* Resources */ = {
			isa = PBXResourcesBuildPhase;
			buildActionMask = 2147483647;
			files = (
				B73A1DCF27650B3100B2777F /* Preview Assets.xcassets in Resources */,
				B73A1DCC27650B3100B2777F /* Assets.xcassets in Resources */,
			);
			runOnlyForDeploymentPostprocessing = 0;
		};
/* End PBXResourcesBuildPhase section */

/* Begin PBXShellScriptBuildPhase section */
		A38CB8D7FC1A1728D8DC34A7 /* [CP] Check Pods Manifest.lock */ = {
			isa = PBXShellScriptBuildPhase;
			buildActionMask = 2147483647;
			files = (
			);
			inputFileListPaths = (
			);
			inputPaths = (
				"${PODS_PODFILE_DIR_PATH}/Podfile.lock",
				"${PODS_ROOT}/Manifest.lock",
			);
			name = "[CP] Check Pods Manifest.lock";
			outputFileListPaths = (
			);
			outputPaths = (
				"$(DERIVED_FILE_DIR)/Pods-CheckShow-checkManifestLockResult.txt",
			);
			runOnlyForDeploymentPostprocessing = 0;
			shellPath = /bin/sh;
			shellScript = "diff \"${PODS_PODFILE_DIR_PATH}/Podfile.lock\" \"${PODS_ROOT}/Manifest.lock\" > /dev/null\nif [ $? != 0 ] ; then\n    # print error to STDERR\n    echo \"error: The sandbox is not in sync with the Podfile.lock. Run 'pod install' or update your CocoaPods installation.\" >&2\n    exit 1\nfi\n# This output is used by Xcode 'outputs' to avoid re-running this script phase.\necho \"SUCCESS\" > \"${SCRIPT_OUTPUT_FILE_0}\"\n";
			showEnvVarsInLog = 0;
		};
		B752C5462767144F00250167 /* ShellScript */ = {
			isa = PBXShellScriptBuildPhase;
			buildActionMask = 2147483647;
			files = (
			);
			inputFileListPaths = (
			);
			inputPaths = (
			);
			outputFileListPaths = (
			);
			outputPaths = (
			);
			runOnlyForDeploymentPostprocessing = 0;
			shellPath = /bin/sh;
			shellScript = "# Type a script or drag a script file from your workspace to insert its path.\n${PODS_ROOT}/SwiftLint/swiftlint autocorrect\n";
		};
/* End PBXShellScriptBuildPhase section */

/* Begin PBXSourcesBuildPhase section */
		B73A1DC027650B3100B2777F /* Sources */ = {
			isa = PBXSourcesBuildPhase;
			buildActionMask = 2147483647;
			files = (
				B70A57582768FEB000A42A88 /* HomeView.swift in Sources */,
				B73A1DCA27650B3100B2777F /* ContentView.swift in Sources */,
				B73A1DC827650B3100B2777F /* CheckShowApp.swift in Sources */,
				B73B0368276B7445008D2EE9 /* HomeViewModel.swift in Sources */,
			);
			runOnlyForDeploymentPostprocessing = 0;
		};
/* End PBXSourcesBuildPhase section */

/* Begin XCBuildConfiguration section */
		B73A1DD527650B3100B2777F /* Debug */ = {
			isa = XCBuildConfiguration;
			buildSettings = {
				ALWAYS_SEARCH_USER_PATHS = NO;
				CLANG_ANALYZER_NONNULL = YES;
				CLANG_ANALYZER_NUMBER_OBJECT_CONVERSION = YES_AGGRESSIVE;
				CLANG_CXX_LANGUAGE_STANDARD = "gnu++17";
				CLANG_CXX_LIBRARY = "libc++";
				CLANG_ENABLE_MODULES = YES;
				CLANG_ENABLE_OBJC_ARC = YES;
				CLANG_ENABLE_OBJC_WEAK = YES;
				CLANG_WARN_BLOCK_CAPTURE_AUTORELEASING = YES;
				CLANG_WARN_BOOL_CONVERSION = YES;
				CLANG_WARN_COMMA = YES;
				CLANG_WARN_CONSTANT_CONVERSION = YES;
				CLANG_WARN_DEPRECATED_OBJC_IMPLEMENTATIONS = YES;
				CLANG_WARN_DIRECT_OBJC_ISA_USAGE = YES_ERROR;
				CLANG_WARN_DOCUMENTATION_COMMENTS = YES;
				CLANG_WARN_EMPTY_BODY = YES;
				CLANG_WARN_ENUM_CONVERSION = YES;
				CLANG_WARN_INFINITE_RECURSION = YES;
				CLANG_WARN_INT_CONVERSION = YES;
				CLANG_WARN_NON_LITERAL_NULL_CONVERSION = YES;
				CLANG_WARN_OBJC_IMPLICIT_RETAIN_SELF = YES;
				CLANG_WARN_OBJC_LITERAL_CONVERSION = YES;
				CLANG_WARN_OBJC_ROOT_CLASS = YES_ERROR;
				CLANG_WARN_QUOTED_INCLUDE_IN_FRAMEWORK_HEADER = YES;
				CLANG_WARN_RANGE_LOOP_ANALYSIS = YES;
				CLANG_WARN_STRICT_PROTOTYPES = YES;
				CLANG_WARN_SUSPICIOUS_MOVE = YES;
				CLANG_WARN_UNGUARDED_AVAILABILITY = YES_AGGRESSIVE;
				CLANG_WARN_UNREACHABLE_CODE = YES;
				CLANG_WARN__DUPLICATE_METHOD_MATCH = YES;
				COPY_PHASE_STRIP = NO;
				DEBUG_INFORMATION_FORMAT = dwarf;
				ENABLE_STRICT_OBJC_MSGSEND = YES;
				ENABLE_TESTABILITY = YES;
				GCC_C_LANGUAGE_STANDARD = gnu11;
				GCC_DYNAMIC_NO_PIC = NO;
				GCC_NO_COMMON_BLOCKS = YES;
				GCC_OPTIMIZATION_LEVEL = 0;
				GCC_PREPROCESSOR_DEFINITIONS = (
					"DEBUG=1",
					"$(inherited)",
				);
				GCC_WARN_64_TO_32_BIT_CONVERSION = YES;
				GCC_WARN_ABOUT_RETURN_TYPE = YES_ERROR;
				GCC_WARN_UNDECLARED_SELECTOR = YES;
				GCC_WARN_UNINITIALIZED_AUTOS = YES_AGGRESSIVE;
				GCC_WARN_UNUSED_FUNCTION = YES;
				GCC_WARN_UNUSED_VARIABLE = YES;
				IPHONEOS_DEPLOYMENT_TARGET = 15.0;
				MTL_ENABLE_DEBUG_INFO = INCLUDE_SOURCE;
				MTL_FAST_MATH = YES;
				ONLY_ACTIVE_ARCH = YES;
				SDKROOT = iphoneos;
				SWIFT_ACTIVE_COMPILATION_CONDITIONS = DEBUG;
				SWIFT_OPTIMIZATION_LEVEL = "-Onone";
			};
			name = Debug;
		};
		B73A1DD627650B3100B2777F /* Release */ = {
			isa = XCBuildConfiguration;
			buildSettings = {
				ALWAYS_SEARCH_USER_PATHS = NO;
				CLANG_ANALYZER_NONNULL = YES;
				CLANG_ANALYZER_NUMBER_OBJECT_CONVERSION = YES_AGGRESSIVE;
				CLANG_CXX_LANGUAGE_STANDARD = "gnu++17";
				CLANG_CXX_LIBRARY = "libc++";
				CLANG_ENABLE_MODULES = YES;
				CLANG_ENABLE_OBJC_ARC = YES;
				CLANG_ENABLE_OBJC_WEAK = YES;
				CLANG_WARN_BLOCK_CAPTURE_AUTORELEASING = YES;
				CLANG_WARN_BOOL_CONVERSION = YES;
				CLANG_WARN_COMMA = YES;
				CLANG_WARN_CONSTANT_CONVERSION = YES;
				CLANG_WARN_DEPRECATED_OBJC_IMPLEMENTATIONS = YES;
				CLANG_WARN_DIRECT_OBJC_ISA_USAGE = YES_ERROR;
				CLANG_WARN_DOCUMENTATION_COMMENTS = YES;
				CLANG_WARN_EMPTY_BODY = YES;
				CLANG_WARN_ENUM_CONVERSION = YES;
				CLANG_WARN_INFINITE_RECURSION = YES;
				CLANG_WARN_INT_CONVERSION = YES;
				CLANG_WARN_NON_LITERAL_NULL_CONVERSION = YES;
				CLANG_WARN_OBJC_IMPLICIT_RETAIN_SELF = YES;
				CLANG_WARN_OBJC_LITERAL_CONVERSION = YES;
				CLANG_WARN_OBJC_ROOT_CLASS = YES_ERROR;
				CLANG_WARN_QUOTED_INCLUDE_IN_FRAMEWORK_HEADER = YES;
				CLANG_WARN_RANGE_LOOP_ANALYSIS = YES;
				CLANG_WARN_STRICT_PROTOTYPES = YES;
				CLANG_WARN_SUSPICIOUS_MOVE = YES;
				CLANG_WARN_UNGUARDED_AVAILABILITY = YES_AGGRESSIVE;
				CLANG_WARN_UNREACHABLE_CODE = YES;
				CLANG_WARN__DUPLICATE_METHOD_MATCH = YES;
				COPY_PHASE_STRIP = NO;
				DEBUG_INFORMATION_FORMAT = "dwarf-with-dsym";
				ENABLE_NS_ASSERTIONS = NO;
				ENABLE_STRICT_OBJC_MSGSEND = YES;
				GCC_C_LANGUAGE_STANDARD = gnu11;
				GCC_NO_COMMON_BLOCKS = YES;
				GCC_WARN_64_TO_32_BIT_CONVERSION = YES;
				GCC_WARN_ABOUT_RETURN_TYPE = YES_ERROR;
				GCC_WARN_UNDECLARED_SELECTOR = YES;
				GCC_WARN_UNINITIALIZED_AUTOS = YES_AGGRESSIVE;
				GCC_WARN_UNUSED_FUNCTION = YES;
				GCC_WARN_UNUSED_VARIABLE = YES;
				IPHONEOS_DEPLOYMENT_TARGET = 15.0;
				MTL_ENABLE_DEBUG_INFO = NO;
				MTL_FAST_MATH = YES;
				SDKROOT = iphoneos;
				SWIFT_COMPILATION_MODE = wholemodule;
				SWIFT_OPTIMIZATION_LEVEL = "-O";
				VALIDATE_PRODUCT = YES;
			};
			name = Release;
		};
		B73A1DD827650B3100B2777F /* Debug */ = {
			isa = XCBuildConfiguration;
			baseConfigurationReference = CFC48A6EE4FCA0651A58EC72 /* Pods-CheckShow.debug.xcconfig */;
			buildSettings = {
				ASSETCATALOG_COMPILER_APPICON_NAME = AppIcon;
				ASSETCATALOG_COMPILER_GLOBAL_ACCENT_COLOR_NAME = AccentColor;
				CODE_SIGN_STYLE = Automatic;
				CURRENT_PROJECT_VERSION = 1;
				DEVELOPMENT_ASSET_PATHS = "\"CheckShow/Preview Content\"";
				DEVELOPMENT_TEAM = X843D4L2C2;
				ENABLE_PREVIEWS = YES;
				GENERATE_INFOPLIST_FILE = YES;
				INFOPLIST_KEY_UIApplicationSceneManifest_Generation = YES;
				INFOPLIST_KEY_UIApplicationSupportsIndirectInputEvents = YES;
				INFOPLIST_KEY_UILaunchScreen_Generation = YES;
				INFOPLIST_KEY_UISupportedInterfaceOrientations_iPad = "UIInterfaceOrientationPortrait UIInterfaceOrientationPortraitUpsideDown UIInterfaceOrientationLandscapeLeft UIInterfaceOrientationLandscapeRight";
				INFOPLIST_KEY_UISupportedInterfaceOrientations_iPhone = "UIInterfaceOrientationPortrait UIInterfaceOrientationLandscapeLeft UIInterfaceOrientationLandscapeRight";
				LD_RUNPATH_SEARCH_PATHS = (
					"$(inherited)",
					"@executable_path/Frameworks",
				);
				MARKETING_VERSION = 1.0;
				PRODUCT_BUNDLE_IDENTIFIER = com.judongseok.CheckShow;
				PRODUCT_NAME = "$(TARGET_NAME)";
				SWIFT_EMIT_LOC_STRINGS = YES;
				SWIFT_VERSION = 5.0;
				TARGETED_DEVICE_FAMILY = "1,2";
			};
			name = Debug;
		};
		B73A1DD927650B3100B2777F /* Release */ = {
			isa = XCBuildConfiguration;
			baseConfigurationReference = C0D0E7CF55B253D16BE5AF5F /* Pods-CheckShow.release.xcconfig */;
			buildSettings = {
				ASSETCATALOG_COMPILER_APPICON_NAME = AppIcon;
				ASSETCATALOG_COMPILER_GLOBAL_ACCENT_COLOR_NAME = AccentColor;
				CODE_SIGN_STYLE = Automatic;
				CURRENT_PROJECT_VERSION = 1;
				DEVELOPMENT_ASSET_PATHS = "\"CheckShow/Preview Content\"";
				DEVELOPMENT_TEAM = X843D4L2C2;
				ENABLE_PREVIEWS = YES;
				GENERATE_INFOPLIST_FILE = YES;
				INFOPLIST_KEY_UIApplicationSceneManifest_Generation = YES;
				INFOPLIST_KEY_UIApplicationSupportsIndirectInputEvents = YES;
				INFOPLIST_KEY_UILaunchScreen_Generation = YES;
				INFOPLIST_KEY_UISupportedInterfaceOrientations_iPad = "UIInterfaceOrientationPortrait UIInterfaceOrientationPortraitUpsideDown UIInterfaceOrientationLandscapeLeft UIInterfaceOrientationLandscapeRight";
				INFOPLIST_KEY_UISupportedInterfaceOrientations_iPhone = "UIInterfaceOrientationPortrait UIInterfaceOrientationLandscapeLeft UIInterfaceOrientationLandscapeRight";
				LD_RUNPATH_SEARCH_PATHS = (
					"$(inherited)",
					"@executable_path/Frameworks",
				);
				MARKETING_VERSION = 1.0;
				PRODUCT_BUNDLE_IDENTIFIER = com.judongseok.CheckShow;
				PRODUCT_NAME = "$(TARGET_NAME)";
				SWIFT_EMIT_LOC_STRINGS = YES;
				SWIFT_VERSION = 5.0;
				TARGETED_DEVICE_FAMILY = "1,2";
			};
			name = Release;
		};
/* End XCBuildConfiguration section */

/* Begin XCConfigurationList section */
		B73A1DBF27650B3100B2777F /* Build configuration list for PBXProject "CheckShow" */ = {
			isa = XCConfigurationList;
			buildConfigurations = (
				B73A1DD527650B3100B2777F /* Debug */,
				B73A1DD627650B3100B2777F /* Release */,
			);
			defaultConfigurationIsVisible = 0;
			defaultConfigurationName = Release;
		};
		B73A1DD727650B3100B2777F /* Build configuration list for PBXNativeTarget "CheckShow" */ = {
			isa = XCConfigurationList;
			buildConfigurations = (
				B73A1DD827650B3100B2777F /* Debug */,
				B73A1DD927650B3100B2777F /* Release */,
			);
			defaultConfigurationIsVisible = 0;
			defaultConfigurationName = Release;
		};
/* End XCConfigurationList section */
	};
	rootObject = B73A1DBC27650B3100B2777F /* Project object */;
}
